
Microsoft Visual Studio Solution File, Format Version 12.00
# Visual Studio Version 17
VisualStudioVersion = 17.4.33213.308
MinimumVisualStudioVersion = 10.0.40219.1
Project("{FAE04EC0-301F-11D3-BF4B-00C04F79EFBC}") = "UniversityApiBackend", "UniversityApiBackend\UniversityApiBackend.csproj", "{28123B7B-0A78-4825-B98A-DFEB12E870CA}"
EndProject
Global
	GlobalSection(SolutionConfigurationPlatforms) = preSolution
		Debug|Any CPU = Debug|Any CPU
		Release|Any CPU = Release|Any CPU
	EndGlobalSection
	GlobalSection(ProjectConfigurationPlatforms) = postSolution
		{28123B7B-0A78-4825-B98A-DFEB12E870CA}.Debug|Any CPU.ActiveCfg = Debug|Any CPU
		{28123B7B-0A78-4825-B98A-DFEB12E870CA}.Debug|Any CPU.Build.0 = Debug|Any CPU
		{28123B7B-0A78-4825-B98A-DFEB12E870CA}.Release|Any CPU.ActiveCfg = Release|Any CPU
		{28123B7B-0A78-4825-B98A-DFEB12E870CA}.Release|Any CPU.Build.0 = Release|Any CPU
	EndGlobalSection
	GlobalSection(SolutionProperties) = preSolution
		HideSolutionNode = FALSE
	EndGlobalSection
	GlobalSection(ExtensibilityGlobals) = postSolution
		SolutionGuid = {9A433736-4811-48E1-B2B4-1E5B766853D0}
	EndGlobalSection
EndGlobal
